
Microsoft Visual Studio Solution File, Format Version 12.00
# Visual Studio Version 17
VisualStudioVersion = 17.5.002.0
MinimumVisualStudioVersion = 10.0.40219.1
Project("{9A19103F-16F7-4668-BE54-9A1E7A4F7556}") = "AlpineSkiHouse", "AlpineSkiHouse.csproj", "{048957FA-A9C7-4296-8B52-A3F22C467EFA}"
EndProject
Global
	GlobalSection(SolutionConfigurationPlatforms) = preSolution
		Debug|Any CPU = Debug|Any CPU
		Release|Any CPU = Release|Any CPU
	EndGlobalSection
	GlobalSection(ProjectConfigurationPlatforms) = postSolution
		{048957FA-A9C7-4296-8B52-A3F22C467EFA}.Debug|Any CPU.ActiveCfg = Debug|Any CPU
		{048957FA-A9C7-4296-8B52-A3F22C467EFA}.Debug|Any CPU.Build.0 = Debug|Any CPU
		{048957FA-A9C7-4296-8B52-A3F22C467EFA}.Release|Any CPU.ActiveCfg = Release|Any CPU
		{048957FA-A9C7-4296-8B52-A3F22C467EFA}.Release|Any CPU.Build.0 = Release|Any CPU
	EndGlobalSection
	GlobalSection(SolutionProperties) = preSolution
		HideSolutionNode = FALSE
	EndGlobalSection
	GlobalSection(ExtensibilityGlobals) = postSolution
		SolutionGuid = {B050101B-C7AD-447E-B63B-525D4FF27636}
	EndGlobalSection
EndGlobal
